
Microsoft Visual Studio Solution File, Format Version 12.00
# Visual Studio Version 17
VisualStudioVersion = 17.5.33627.172
MinimumVisualStudioVersion = 10.0.40219.1
Project("{FAE04EC0-301F-11D3-BF4B-00C04F79EFBC}") = "AicoAssistant", "AicoAssistant\AicoAssistant.csproj", "{1A31B1D9-F422-48E4-892D-F5C2995D61A1}"
EndProject
Global
	GlobalSection(SolutionConfigurationPlatforms) = preSolution
		Debug|Any CPU = Debug|Any CPU
		Release|Any CPU = Release|Any CPU
	EndGlobalSection
	GlobalSection(ProjectConfigurationPlatforms) = postSolution
		{1A31B1D9-F422-48E4-892D-F5C2995D61A1}.Debug|Any CPU.ActiveCfg = Debug|Any CPU
		{1A31B1D9-F422-48E4-892D-F5C2995D61A1}.Debug|Any CPU.Build.0 = Debug|Any CPU
		{1A31B1D9-F422-48E4-892D-F5C2995D61A1}.Release|Any CPU.ActiveCfg = Release|Any CPU
		{1A31B1D9-F422-48E4-892D-F5C2995D61A1}.Release|Any CPU.Build.0 = Release|Any CPU
	EndGlobalSection
	GlobalSection(SolutionProperties) = preSolution
		HideSolutionNode = FALSE
	EndGlobalSection
	GlobalSection(ExtensibilityGlobals) = postSolution
		SolutionGuid = {FC559BEB-4479-4EDA-ABA5-F89D21F4138B}
	EndGlobalSection
EndGlobal
